
Microsoft Visual Studio Solution File, Format Version 12.00
# Visual Studio 14
VisualStudioVersion = 14.0.25420.1
MinimumVisualStudioVersion = 10.0.40219.1
Project("{FAE04EC0-301F-11D3-BF4B-00C04F79EFBC}") = "ECommerceSample", "ECommerceSample\ECommerceSample.csproj", "{2699DB84-A336-4E2A-A2AB-D8A623EF7227}"
EndProject
Project("{FAE04EC0-301F-11D3-BF4B-00C04F79EFBC}") = "ECommerce.Entity", "ECommerce.Entity\ECommerce.Entity.csproj", "{4294EF55-99AF-4F1E-93DB-F42D40F96519}"
EndProject
Project("{FAE04EC0-301F-11D3-BF4B-00C04F79EFBC}") = "ECommerce.Repository", "ECommerce.Repository\ECommerce.Repository.csproj", "{60E37062-D4BF-4684-9D00-3CE70E1282BC}"
EndProject
Project("{FAE04EC0-301F-11D3-BF4B-00C04F79EFBC}") = "ECommerce.Common", "ECommerce.Common\ECommerce.Common.csproj", "{4C9B348C-8EFE-40B1-9D97-1F455914950B}"
EndProject
Global
	GlobalSection(SolutionConfigurationPlatforms) = preSolution
		Debug|Any CPU = Debug|Any CPU
		Release|Any CPU = Release|Any CPU
	EndGlobalSection
	GlobalSection(ProjectConfigurationPlatforms) = postSolution
		{2699DB84-A336-4E2A-A2AB-D8A623EF7227}.Debug|Any CPU.ActiveCfg = Debug|Any CPU
		{2699DB84-A336-4E2A-A2AB-D8A623EF7227}.Debug|Any CPU.Build.0 = Debug|Any CPU
		{2699DB84-A336-4E2A-A2AB-D8A623EF7227}.Release|Any CPU.ActiveCfg = Release|Any CPU
		{2699DB84-A336-4E2A-A2AB-D8A623EF7227}.Release|Any CPU.Build.0 = Release|Any CPU
		{4294EF55-99AF-4F1E-93DB-F42D40F96519}.Debug|Any CPU.ActiveCfg = Debug|Any CPU
		{4294EF55-99AF-4F1E-93DB-F42D40F96519}.Debug|Any CPU.Build.0 = Debug|Any CPU
		{4294EF55-99AF-4F1E-93DB-F42D40F96519}.Release|Any CPU.ActiveCfg = Release|Any CPU
		{4294EF55-99AF-4F1E-93DB-F42D40F96519}.Release|Any CPU.Build.0 = Release|Any CPU
		{60E37062-D4BF-4684-9D00-3CE70E1282BC}.Debug|Any CPU.ActiveCfg = Debug|Any CPU
		{60E37062-D4BF-4684-9D00-3CE70E1282BC}.Debug|Any CPU.Build.0 = Debug|Any CPU
		{60E37062-D4BF-4684-9D00-3CE70E1282BC}.Release|Any CPU.ActiveCfg = Release|Any CPU
		{60E37062-D4BF-4684-9D00-3CE70E1282BC}.Release|Any CPU.Build.0 = Release|Any CPU
		{4C9B348C-8EFE-40B1-9D97-1F455914950B}.Debug|Any CPU.ActiveCfg = Debug|Any CPU
		{4C9B348C-8EFE-40B1-9D97-1F455914950B}.Debug|Any CPU.Build.0 = Debug|Any CPU
		{4C9B348C-8EFE-40B1-9D97-1F455914950B}.Release|Any CPU.ActiveCfg = Release|Any CPU
		{4C9B348C-8EFE-40B1-9D97-1F455914950B}.Release|Any CPU.Build.0 = Release|Any CPU
	EndGlobalSection
	GlobalSection(SolutionProperties) = preSolution
		HideSolutionNode = FALSE
	EndGlobalSection
EndGlobal
